# This file is autogenerated, do not edit; changes may be undone by the next 'dep ensure'.


[[projects]]
  digest = "1:4fbf94a8846df5c311634a8f010ea8922564bb9191733cd4da20f6dd73c8009c"
  name = "github.com/bytheway/gomod-dep-test"
  packages = ["v2"]
  pruneopts = "UT"
  revision = "8a44dc1d95a0f85cbd2c2a44bfa5f72907b0dedb"
  version = "v2.0.0"

[solve-meta]
  analyzer-name = "dep"
  analyzer-version = 1
  input-imports = ["github.com/bytheway/gomod-dep-test/v2"]
  solver-name = "gps-cdcl"
  solver-version = 1
